
Microsoft Visual Studio Solution File, Format Version 12.00
# Visual Studio Version 17
VisualStudioVersion = 17.8.34004.107
MinimumVisualStudioVersion = 10.0.40219.1
Project("{2150E333-8FDC-42A3-9474-1A3956D46DE8}") = "src", "src", "{CF7CE8F1-5200-4280-A66B-7BE3FC0CEB10}"
EndProject
Project("{2150E333-8FDC-42A3-9474-1A3956D46DE8}") = "API", "API", "{0E54F013-809D-4EDD-AF07-E8FECF8A91FD}"
EndProject
Project("{2150E333-8FDC-42A3-9474-1A3956D46DE8}") = "Core", "Core", "{3BC60340-498B-468A-9826-66AE1779C821}"
EndProject
Project("{2150E333-8FDC-42A3-9474-1A3956D46DE8}") = "Infrastructure", "Infrastructure", "{8BAE3374-5535-453A-8FDB-A3542F25B430}"
EndProject
Project("{2150E333-8FDC-42A3-9474-1A3956D46DE8}") = "Common", "Common", "{D02772C4-D30B-4C25-9B13-CDD442E4F915}"
EndProject
Project("{FAE04EC0-301F-11D3-BF4B-00C04F79EFBC}") = "Tarket.Booking.Api", "src\Tarket.Booking.Api\Tarket.Booking.Api.csproj", "{943FA1CF-CEEF-4AE4-9CC7-EBC16C7CCC67}"
EndProject
Project("{FAE04EC0-301F-11D3-BF4B-00C04F79EFBC}") = "Tarker.Booking.Domain", "src\Tarker.Booking.Domain\Tarker.Booking.Domain.csproj", "{04C12469-4984-4F6F-B0EA-99D4C778D03A}"
EndProject
Project("{FAE04EC0-301F-11D3-BF4B-00C04F79EFBC}") = "Tarker.Booking.Application", "src\Tarker.Booking.Application\Tarker.Booking.Application.csproj", "{A953B3FE-EF68-4B66-84C5-D33B7CCB744F}"
EndProject
Project("{FAE04EC0-301F-11D3-BF4B-00C04F79EFBC}") = "Tarker.Booking.Persistence", "src\Tarker.Booking.Persistence\Tarker.Booking.Persistence.csproj", "{3DB530DF-576D-4687-815F-D73BCB1197DF}"
EndProject
Project("{FAE04EC0-301F-11D3-BF4B-00C04F79EFBC}") = "Tarker.Booking.External", "src\Tarker.Booking.External\Tarker.Booking.External.csproj", "{92BFBC7B-B4B9-4404-B63D-5CFD5E7D7BAA}"
EndProject
Project("{FAE04EC0-301F-11D3-BF4B-00C04F79EFBC}") = "Tarker.Booking.Common", "src\Tarker.Booking.Common\Tarker.Booking.Common.csproj", "{1B5A929F-E442-42D1-A1F4-8B4245E15D35}"
EndProject
Global
	GlobalSection(SolutionConfigurationPlatforms) = preSolution
		Debug|Any CPU = Debug|Any CPU
		Release|Any CPU = Release|Any CPU
	EndGlobalSection
	GlobalSection(ProjectConfigurationPlatforms) = postSolution
		{943FA1CF-CEEF-4AE4-9CC7-EBC16C7CCC67}.Debug|Any CPU.ActiveCfg = Debug|Any CPU
		{943FA1CF-CEEF-4AE4-9CC7-EBC16C7CCC67}.Debug|Any CPU.Build.0 = Debug|Any CPU
		{943FA1CF-CEEF-4AE4-9CC7-EBC16C7CCC67}.Release|Any CPU.ActiveCfg = Release|Any CPU
		{943FA1CF-CEEF-4AE4-9CC7-EBC16C7CCC67}.Release|Any CPU.Build.0 = Release|Any CPU
		{04C12469-4984-4F6F-B0EA-99D4C778D03A}.Debug|Any CPU.ActiveCfg = Debug|Any CPU
		{04C12469-4984-4F6F-B0EA-99D4C778D03A}.Debug|Any CPU.Build.0 = Debug|Any CPU
		{04C12469-4984-4F6F-B0EA-99D4C778D03A}.Release|Any CPU.ActiveCfg = Release|Any CPU
		{04C12469-4984-4F6F-B0EA-99D4C778D03A}.Release|Any CPU.Build.0 = Release|Any CPU
		{A953B3FE-EF68-4B66-84C5-D33B7CCB744F}.Debug|Any CPU.ActiveCfg = Debug|Any CPU
		{A953B3FE-EF68-4B66-84C5-D33B7CCB744F}.Debug|Any CPU.Build.0 = Debug|Any CPU
		{A953B3FE-EF68-4B66-84C5-D33B7CCB744F}.Release|Any CPU.ActiveCfg = Release|Any CPU
		{A953B3FE-EF68-4B66-84C5-D33B7CCB744F}.Release|Any CPU.Build.0 = Release|Any CPU
		{3DB530DF-576D-4687-815F-D73BCB1197DF}.Debug|Any CPU.ActiveCfg = Debug|Any CPU
		{3DB530DF-576D-4687-815F-D73BCB1197DF}.Debug|Any CPU.Build.0 = Debug|Any CPU
		{3DB530DF-576D-4687-815F-D73BCB1197DF}.Release|Any CPU.ActiveCfg = Release|Any CPU
		{3DB530DF-576D-4687-815F-D73BCB1197DF}.Release|Any CPU.Build.0 = Release|Any CPU
		{92BFBC7B-B4B9-4404-B63D-5CFD5E7D7BAA}.Debug|Any CPU.ActiveCfg = Debug|Any CPU
		{92BFBC7B-B4B9-4404-B63D-5CFD5E7D7BAA}.Debug|Any CPU.Build.0 = Debug|Any CPU
		{92BFBC7B-B4B9-4404-B63D-5CFD5E7D7BAA}.Release|Any CPU.ActiveCfg = Release|Any CPU
		{92BFBC7B-B4B9-4404-B63D-5CFD5E7D7BAA}.Release|Any CPU.Build.0 = Release|Any CPU
		{1B5A929F-E442-42D1-A1F4-8B4245E15D35}.Debug|Any CPU.ActiveCfg = Debug|Any CPU
		{1B5A929F-E442-42D1-A1F4-8B4245E15D35}.Debug|Any CPU.Build.0 = Debug|Any CPU
		{1B5A929F-E442-42D1-A1F4-8B4245E15D35}.Release|Any CPU.ActiveCfg = Release|Any CPU
		{1B5A929F-E442-42D1-A1F4-8B4245E15D35}.Release|Any CPU.Build.0 = Release|Any CPU
	EndGlobalSection
	GlobalSection(SolutionProperties) = preSolution
		HideSolutionNode = FALSE
	EndGlobalSection
	GlobalSection(NestedProjects) = preSolution
		{0E54F013-809D-4EDD-AF07-E8FECF8A91FD} = {CF7CE8F1-5200-4280-A66B-7BE3FC0CEB10}
		{3BC60340-498B-468A-9826-66AE1779C821} = {CF7CE8F1-5200-4280-A66B-7BE3FC0CEB10}
		{8BAE3374-5535-453A-8FDB-A3542F25B430} = {CF7CE8F1-5200-4280-A66B-7BE3FC0CEB10}
		{D02772C4-D30B-4C25-9B13-CDD442E4F915} = {CF7CE8F1-5200-4280-A66B-7BE3FC0CEB10}
		{943FA1CF-CEEF-4AE4-9CC7-EBC16C7CCC67} = {0E54F013-809D-4EDD-AF07-E8FECF8A91FD}
		{04C12469-4984-4F6F-B0EA-99D4C778D03A} = {3BC60340-498B-468A-9826-66AE1779C821}
		{A953B3FE-EF68-4B66-84C5-D33B7CCB744F} = {3BC60340-498B-468A-9826-66AE1779C821}
		{3DB530DF-576D-4687-815F-D73BCB1197DF} = {8BAE3374-5535-453A-8FDB-A3542F25B430}
		{92BFBC7B-B4B9-4404-B63D-5CFD5E7D7BAA} = {8BAE3374-5535-453A-8FDB-A3542F25B430}
		{1B5A929F-E442-42D1-A1F4-8B4245E15D35} = {D02772C4-D30B-4C25-9B13-CDD442E4F915}
	EndGlobalSection
	GlobalSection(ExtensibilityGlobals) = postSolution
		SolutionGuid = {B4721942-63D9-42D7-A627-366FD16F7623}
	EndGlobalSection
EndGlobal
